{
  "object": {
    "pins": [
      {
        "package": "SwiftletUtilities",
        "repositoryURL": "https://github.com/Appracatappra/SwiftletUtilities.git",
        "state": {
          "branch": null,
          "revision": "aaa9e09141c3f5b32b7b9c15b5aa9d8eeb69857f",
          "version": "1.0.4"
        }
      }
    ]
  },
  "version": 1
}
